
Microsoft Visual Studio Solution File, Format Version 12.00
Project("{FAE04EC0-301F-11D3-BF4B-00C04F79EFBC}") = "QR code generator", "QR code generator\QR code generator.csproj", "{81020473-B004-46CA-957C-EB50D7CCEE38}"
EndProject
Project("{FAE04EC0-301F-11D3-BF4B-00C04F79EFBC}") = "Tests", "Tests\Tests.csproj", "{EF0AF299-ED6A-4174-8CB8-222443C44C19}"
EndProject
Project("{FAE04EC0-301F-11D3-BF4B-00C04F79EFBC}") = "ReedSolomonAlg", "UtilisationReedSolomon\ReedSolomonAlg\ReedSolomonAlg.csproj", "{F771F2E7-E324-4349-9BFC-7ED19FAE116E}"
EndProject
Global
	GlobalSection(SolutionConfigurationPlatforms) = preSolution
		Debug|Any CPU = Debug|Any CPU
		Release|Any CPU = Release|Any CPU
	EndGlobalSection
	GlobalSection(ProjectConfigurationPlatforms) = postSolution
		{81020473-B004-46CA-957C-EB50D7CCEE38}.Debug|Any CPU.ActiveCfg = Debug|Any CPU
		{81020473-B004-46CA-957C-EB50D7CCEE38}.Debug|Any CPU.Build.0 = Debug|Any CPU
		{81020473-B004-46CA-957C-EB50D7CCEE38}.Release|Any CPU.ActiveCfg = Release|Any CPU
		{81020473-B004-46CA-957C-EB50D7CCEE38}.Release|Any CPU.Build.0 = Release|Any CPU
		{EF0AF299-ED6A-4174-8CB8-222443C44C19}.Debug|Any CPU.ActiveCfg = Debug|Any CPU
		{EF0AF299-ED6A-4174-8CB8-222443C44C19}.Debug|Any CPU.Build.0 = Debug|Any CPU
		{EF0AF299-ED6A-4174-8CB8-222443C44C19}.Release|Any CPU.ActiveCfg = Release|Any CPU
		{EF0AF299-ED6A-4174-8CB8-222443C44C19}.Release|Any CPU.Build.0 = Release|Any CPU
		{F771F2E7-E324-4349-9BFC-7ED19FAE116E}.Debug|Any CPU.ActiveCfg = Debug|Any CPU
		{F771F2E7-E324-4349-9BFC-7ED19FAE116E}.Debug|Any CPU.Build.0 = Debug|Any CPU
		{F771F2E7-E324-4349-9BFC-7ED19FAE116E}.Release|Any CPU.ActiveCfg = Release|Any CPU
		{F771F2E7-E324-4349-9BFC-7ED19FAE116E}.Release|Any CPU.Build.0 = Release|Any CPU
	EndGlobalSection
EndGlobal
